// !$*UTF8*$!
{
	archiveVersion = 1;
	classes = {
	};
	objectVersion = 55;
	objects = {

/* Begin PBXBuildFile section */
		8720726B278C9BFE001BB399 /* Car.swift in Sources */ = {isa = PBXBuildFile; fileRef = 8720726A278C9BFE001BB399 /* Car.swift */; };
		8720726F278C9DCB001BB399 /* CarsTableViewCell.swift in Sources */ = {isa = PBXBuildFile; fileRef = 8720726D278C9DCB001BB399 /* CarsTableViewCell.swift */; };
		87207270278C9DCC001BB399 /* CarsTableViewCell.xib in Resources */ = {isa = PBXBuildFile; fileRef = 8720726E278C9DCB001BB399 /* CarsTableViewCell.xib */; };
		87207279278CB003001BB399 /* CarProsConsView.swift in Sources */ = {isa = PBXBuildFile; fileRef = 87207278278CB003001BB399 /* CarProsConsView.swift */; };
		8720727B278CB014001BB399 /* CarProsConsView.xib in Resources */ = {isa = PBXBuildFile; fileRef = 8720727A278CB014001BB399 /* CarProsConsView.xib */; };
		8720727F278D6265001BB399 /* ProsConsListView.xib in Resources */ = {isa = PBXBuildFile; fileRef = 8720727E278D6265001BB399 /* ProsConsListView.xib */; };
		87207281278D63A4001BB399 /* ProsConsListView.swift in Sources */ = {isa = PBXBuildFile; fileRef = 87207280278D63A4001BB399 /* ProsConsListView.swift */; };
		875940B0278C8D470080B2F3 /* AppDelegate.swift in Sources */ = {isa = PBXBuildFile; fileRef = 875940AF278C8D470080B2F3 /* AppDelegate.swift */; };
		875940B9278C8D480080B2F3 /* Assets.xcassets in Resources */ = {isa = PBXBuildFile; fileRef = 875940B8278C8D480080B2F3 /* Assets.xcassets */; };
		875940BC278C8D480080B2F3 /* LaunchScreen.storyboard in Resources */ = {isa = PBXBuildFile; fileRef = 875940BA278C8D480080B2F3 /* LaunchScreen.storyboard */; };
		875940C6278C8F080080B2F3 /* DashboardViewController.swift in Sources */ = {isa = PBXBuildFile; fileRef = 875940C4278C8F080080B2F3 /* DashboardViewController.swift */; };
		875940C7278C8F080080B2F3 /* DashboardViewController.xib in Resources */ = {isa = PBXBuildFile; fileRef = 875940C5278C8F080080B2F3 /* DashboardViewController.xib */; };
		875940CA278C92900080B2F3 /* car_list.json in Resources */ = {isa = PBXBuildFile; fileRef = 875940C9278C92900080B2F3 /* car_list.json */; };
/* End PBXBuildFile section */

/* Begin PBXFileReference section */
		8720726A278C9BFE001BB399 /* Car.swift */ = {isa = PBXFileReference; lastKnownFileType = sourcecode.swift; path = Car.swift; sourceTree = "<group>"; };
		8720726D278C9DCB001BB399 /* CarsTableViewCell.swift */ = {isa = PBXFileReference; lastKnownFileType = sourcecode.swift; path = CarsTableViewCell.swift; sourceTree = "<group>"; };
		8720726E278C9DCB001BB399 /* CarsTableViewCell.xib */ = {isa = PBXFileReference; lastKnownFileType = file.xib; path = CarsTableViewCell.xib; sourceTree = "<group>"; };
		87207278278CB003001BB399 /* CarProsConsView.swift */ = {isa = PBXFileReference; lastKnownFileType = sourcecode.swift; path = CarProsConsView.swift; sourceTree = "<group>"; };
		8720727A278CB014001BB399 /* CarProsConsView.xib */ = {isa = PBXFileReference; lastKnownFileType = file.xib; path = CarProsConsView.xib; sourceTree = "<group>"; };
		8720727E278D6265001BB399 /* ProsConsListView.xib */ = {isa = PBXFileReference; lastKnownFileType = file.xib; path = ProsConsListView.xib; sourceTree = "<group>"; };
		87207280278D63A4001BB399 /* ProsConsListView.swift */ = {isa = PBXFileReference; lastKnownFileType = sourcecode.swift; path = ProsConsListView.swift; sourceTree = "<group>"; };
		875940AC278C8D470080B2F3 /* Quantrics.app */ = {isa = PBXFileReference; explicitFileType = wrapper.application; includeInIndex = 0; path = Quantrics.app; sourceTree = BUILT_PRODUCTS_DIR; };
		875940AF278C8D470080B2F3 /* AppDelegate.swift */ = {isa = PBXFileReference; lastKnownFileType = sourcecode.swift; path = AppDelegate.swift; sourceTree = "<group>"; };
		875940B8278C8D480080B2F3 /* Assets.xcassets */ = {isa = PBXFileReference; lastKnownFileType = folder.assetcatalog; path = Assets.xcassets; sourceTree = "<group>"; };
		875940BB278C8D480080B2F3 /* Base */ = {isa = PBXFileReference; lastKnownFileType = file.storyboard; name = Base; path = Base.lproj/LaunchScreen.storyboard; sourceTree = "<group>"; };
		875940BD278C8D480080B2F3 /* Info.plist */ = {isa = PBXFileReference; lastKnownFileType = text.plist.xml; path = Info.plist; sourceTree = "<group>"; };
		875940C4278C8F080080B2F3 /* DashboardViewController.swift */ = {isa = PBXFileReference; lastKnownFileType = sourcecode.swift; path = DashboardViewController.swift; sourceTree = "<group>"; };
		875940C5278C8F080080B2F3 /* DashboardViewController.xib */ = {isa = PBXFileReference; lastKnownFileType = file.xib; path = DashboardViewController.xib; sourceTree = "<group>"; };
		875940C9278C92900080B2F3 /* car_list.json */ = {isa = PBXFileReference; fileEncoding = 4; lastKnownFileType = text.json; path = car_list.json; sourceTree = "<group>"; };
/* End PBXFileReference section */

/* Begin PBXFrameworksBuildPhase section */
		875940A9278C8D470080B2F3 /* Frameworks */ = {
			isa = PBXFrameworksBuildPhase;
			buildActionMask = 2147483647;
			files = (
			);
			runOnlyForDeploymentPostprocessing = 0;
		};
/* End PBXFrameworksBuildPhase section */

/* Begin PBXGroup section */
		87207269278C9BEE001BB399 /* Model */ = {
			isa = PBXGroup;
			children = (
				8720726A278C9BFE001BB399 /* Car.swift */,
			);
			path = Model;
			sourceTree = "<group>";
		};
		8720726C278C9D8F001BB399 /* CarsTableViewCell */ = {
			isa = PBXGroup;
			children = (
				8720726D278C9DCB001BB399 /* CarsTableViewCell.swift */,
				8720726E278C9DCB001BB399 /* CarsTableViewCell.xib */,
			);
			path = CarsTableViewCell;
			sourceTree = "<group>";
		};
		87207271278CAA24001BB399 /* CarProsConsView */ = {
			isa = PBXGroup;
			children = (
				87207278278CB003001BB399 /* CarProsConsView.swift */,
				8720727A278CB014001BB399 /* CarProsConsView.xib */,
			);
			path = CarProsConsView;
			sourceTree = "<group>";
		};
		8720727C278D6238001BB399 /* CustomViews */ = {
			isa = PBXGroup;
			children = (
				8720727D278D624B001BB399 /* ProsConsListView */,
			);
			path = CustomViews;
			sourceTree = "<group>";
		};
		8720727D278D624B001BB399 /* ProsConsListView */ = {
			isa = PBXGroup;
			children = (
				8720727E278D6265001BB399 /* ProsConsListView.xib */,
				87207280278D63A4001BB399 /* ProsConsListView.swift */,
			);
			path = ProsConsListView;
			sourceTree = "<group>";
		};
		875940A3278C8D470080B2F3 = {
			isa = PBXGroup;
			children = (
				875940AE278C8D470080B2F3 /* Quantrics */,
				875940AD278C8D470080B2F3 /* Products */,
			);
			sourceTree = "<group>";
		};
		875940AD278C8D470080B2F3 /* Products */ = {
			isa = PBXGroup;
			children = (
				875940AC278C8D470080B2F3 /* Quantrics.app */,
			);
			name = Products;
			sourceTree = "<group>";
		};
		875940AE278C8D470080B2F3 /* Quantrics */ = {
			isa = PBXGroup;
			children = (
				8720727C278D6238001BB399 /* CustomViews */,
				87207269278C9BEE001BB399 /* Model */,
				875940C8278C926B0080B2F3 /* JSON */,
				875940C3278C8EEA0080B2F3 /* Dashboard */,
				875940AF278C8D470080B2F3 /* AppDelegate.swift */,
				875940B8278C8D480080B2F3 /* Assets.xcassets */,
				875940BA278C8D480080B2F3 /* LaunchScreen.storyboard */,
				875940BD278C8D480080B2F3 /* Info.plist */,
			);
			path = Quantrics;
			sourceTree = "<group>";
		};
		875940C3278C8EEA0080B2F3 /* Dashboard */ = {
			isa = PBXGroup;
			children = (
				87207271278CAA24001BB399 /* CarProsConsView */,
				8720726C278C9D8F001BB399 /* CarsTableViewCell */,
				875940C4278C8F080080B2F3 /* DashboardViewController.swift */,
				875940C5278C8F080080B2F3 /* DashboardViewController.xib */,
			);
			path = Dashboard;
			sourceTree = "<group>";
		};
		875940C8278C926B0080B2F3 /* JSON */ = {
			isa = PBXGroup;
			children = (
				875940C9278C92900080B2F3 /* car_list.json */,
			);
			path = JSON;
			sourceTree = "<group>";
		};
/* End PBXGroup section */

/* Begin PBXNativeTarget section */
		875940AB278C8D470080B2F3 /* Quantrics */ = {
			isa = PBXNativeTarget;
			buildConfigurationList = 875940C0278C8D480080B2F3 /* Build configuration list for PBXNativeTarget "Quantrics" */;
			buildPhases = (
				875940A8278C8D470080B2F3 /* Sources */,
				875940A9278C8D470080B2F3 /* Frameworks */,
				875940AA278C8D470080B2F3 /* Resources */,
			);
			buildRules = (
			);
			dependencies = (
			);
			name = Quantrics;
			productName = Quantrics;
			productReference = 875940AC278C8D470080B2F3 /* Quantrics.app */;
			productType = "com.apple.product-type.application";
		};
/* End PBXNativeTarget section */

/* Begin PBXProject section */
		875940A4278C8D470080B2F3 /* Project object */ = {
			isa = PBXProject;
			attributes = {
				BuildIndependentTargetsInParallel = 1;
				LastSwiftUpdateCheck = 1320;
				LastUpgradeCheck = 1320;
				TargetAttributes = {
					875940AB278C8D470080B2F3 = {
						CreatedOnToolsVersion = 13.2;
					};
				};
			};
			buildConfigurationList = 875940A7278C8D470080B2F3 /* Build configuration list for PBXProject "Quantrics" */;
			compatibilityVersion = "Xcode 13.0";
			developmentRegion = en;
			hasScannedForEncodings = 0;
			knownRegions = (
				en,
				Base,
			);
			mainGroup = 875940A3278C8D470080B2F3;
			productRefGroup = 875940AD278C8D470080B2F3 /* Products */;
			projectDirPath = "";
			projectRoot = "";
			targets = (
				875940AB278C8D470080B2F3 /* Quantrics */,
			);
		};
/* End PBXProject section */

/* Begin PBXResourcesBuildPhase section */
		875940AA278C8D470080B2F3 /* Resources */ = {
			isa = PBXResourcesBuildPhase;
			buildActionMask = 2147483647;
			files = (
				875940BC278C8D480080B2F3 /* LaunchScreen.storyboard in Resources */,
				875940B9278C8D480080B2F3 /* Assets.xcassets in Resources */,
				8720727F278D6265001BB399 /* ProsConsListView.xib in Resources */,
				8720727B278CB014001BB399 /* CarProsConsView.xib in Resources */,
				875940CA278C92900080B2F3 /* car_list.json in Resources */,
				875940C7278C8F080080B2F3 /* DashboardViewController.xib in Resources */,
				87207270278C9DCC001BB399 /* CarsTableViewCell.xib in Resources */,
			);
			runOnlyForDeploymentPostprocessing = 0;
		};
/* End PBXResourcesBuildPhase section */

/* Begin PBXSourcesBuildPhase section */
		875940A8278C8D470080B2F3 /* Sources */ = {
			isa = PBXSourcesBuildPhase;
			buildActionMask = 2147483647;
			files = (
				875940B0278C8D470080B2F3 /* AppDelegate.swift in Sources */,
				87207279278CB003001BB399 /* CarProsConsView.swift in Sources */,
				87207281278D63A4001BB399 /* ProsConsListView.swift in Sources */,
				875940C6278C8F080080B2F3 /* DashboardViewController.swift in Sources */,
				8720726F278C9DCB001BB399 /* CarsTableViewCell.swift in Sources */,
				8720726B278C9BFE001BB399 /* Car.swift in Sources */,
			);
			runOnlyForDeploymentPostprocessing = 0;
		};
/* End PBXSourcesBuildPhase section */

/* Begin PBXVariantGroup section */
		875940BA278C8D480080B2F3 /* LaunchScreen.storyboard */ = {
			isa = PBXVariantGroup;
			children = (
				875940BB278C8D480080B2F3 /* Base */,
			);
			name = LaunchScreen.storyboard;
			sourceTree = "<group>";
		};
/* End PBXVariantGroup section */

/* Begin XCBuildConfiguration section */
		875940BE278C8D480080B2F3 /* Debug */ = {
			isa = XCBuildConfiguration;
			buildSettings = {
				ALWAYS_SEARCH_USER_PATHS = NO;
				CLANG_ANALYZER_NONNULL = YES;
				CLANG_ANALYZER_NUMBER_OBJECT_CONVERSION = YES_AGGRESSIVE;
				CLANG_CXX_LANGUAGE_STANDARD = "gnu++17";
				CLANG_CXX_LIBRARY = "libc++";
				CLANG_ENABLE_MODULES = YES;
				CLANG_ENABLE_OBJC_ARC = YES;
				CLANG_ENABLE_OBJC_WEAK = YES;
				CLANG_WARN_BLOCK_CAPTURE_AUTORELEASING = YES;
				CLANG_WARN_BOOL_CONVERSION = YES;
				CLANG_WARN_COMMA = YES;
				CLANG_WARN_CONSTANT_CONVERSION = YES;
				CLANG_WARN_DEPRECATED_OBJC_IMPLEMENTATIONS = YES;
				CLANG_WARN_DIRECT_OBJC_ISA_USAGE = YES_ERROR;
				CLANG_WARN_DOCUMENTATION_COMMENTS = YES;
				CLANG_WARN_EMPTY_BODY = YES;
				CLANG_WARN_ENUM_CONVERSION = YES;
				CLANG_WARN_INFINITE_RECURSION = YES;
				CLANG_WARN_INT_CONVERSION = YES;
				CLANG_WARN_NON_LITERAL_NULL_CONVERSION = YES;
				CLANG_WARN_OBJC_IMPLICIT_RETAIN_SELF = YES;
				CLANG_WARN_OBJC_LITERAL_CONVERSION = YES;
				CLANG_WARN_OBJC_ROOT_CLASS = YES_ERROR;
				CLANG_WARN_QUOTED_INCLUDE_IN_FRAMEWORK_HEADER = YES;
				CLANG_WARN_RANGE_LOOP_ANALYSIS = YES;
				CLANG_WARN_STRICT_PROTOTYPES = YES;
				CLANG_WARN_SUSPICIOUS_MOVE = YES;
				CLANG_WARN_UNGUARDED_AVAILABILITY = YES_AGGRESSIVE;
				CLANG_WARN_UNREACHABLE_CODE = YES;
				CLANG_WARN__DUPLICATE_METHOD_MATCH = YES;
				COPY_PHASE_STRIP = NO;
				DEBUG_INFORMATION_FORMAT = dwarf;
				ENABLE_STRICT_OBJC_MSGSEND = YES;
				ENABLE_TESTABILITY = YES;
				GCC_C_LANGUAGE_STANDARD = gnu11;
				GCC_DYNAMIC_NO_PIC = NO;
				GCC_NO_COMMON_BLOCKS = YES;
				GCC_OPTIMIZATION_LEVEL = 0;
				GCC_PREPROCESSOR_DEFINITIONS = (
					"DEBUG=1",
					"$(inherited)",
				);
				GCC_WARN_64_TO_32_BIT_CONVERSION = YES;
				GCC_WARN_ABOUT_RETURN_TYPE = YES_ERROR;
				GCC_WARN_UNDECLARED_SELECTOR = YES;
				GCC_WARN_UNINITIALIZED_AUTOS = YES_AGGRESSIVE;
				GCC_WARN_UNUSED_FUNCTION = YES;
				GCC_WARN_UNUSED_VARIABLE = YES;
				IPHONEOS_DEPLOYMENT_TARGET = 14;
				MTL_ENABLE_DEBUG_INFO = INCLUDE_SOURCE;
				MTL_FAST_MATH = YES;
				ONLY_ACTIVE_ARCH = YES;
				SDKROOT = iphoneos;
				SWIFT_ACTIVE_COMPILATION_CONDITIONS = DEBUG;
				SWIFT_OPTIMIZATION_LEVEL = "-Onone";
			};
			name = Debug;
		};
		875940BF278C8D480080B2F3 /* Release */ = {
			isa = XCBuildConfiguration;
			buildSettings = {
				ALWAYS_SEARCH_USER_PATHS = NO;
				CLANG_ANALYZER_NONNULL = YES;
				CLANG_ANALYZER_NUMBER_OBJECT_CONVERSION = YES_AGGRESSIVE;
				CLANG_CXX_LANGUAGE_STANDARD = "gnu++17";
				CLANG_CXX_LIBRARY = "libc++";
				CLANG_ENABLE_MODULES = YES;
				CLANG_ENABLE_OBJC_ARC = YES;
				CLANG_ENABLE_OBJC_WEAK = YES;
				CLANG_WARN_BLOCK_CAPTURE_AUTORELEASING = YES;
				CLANG_WARN_BOOL_CONVERSION = YES;
				CLANG_WARN_COMMA = YES;
				CLANG_WARN_CONSTANT_CONVERSION = YES;
				CLANG_WARN_DEPRECATED_OBJC_IMPLEMENTATIONS = YES;
				CLANG_WARN_DIRECT_OBJC_ISA_USAGE = YES_ERROR;
				CLANG_WARN_DOCUMENTATION_COMMENTS = YES;
				CLANG_WARN_EMPTY_BODY = YES;
				CLANG_WARN_ENUM_CONVERSION = YES;
				CLANG_WARN_INFINITE_RECURSION = YES;
				CLANG_WARN_INT_CONVERSION = YES;
				CLANG_WARN_NON_LITERAL_NULL_CONVERSION = YES;
				CLANG_WARN_OBJC_IMPLICIT_RETAIN_SELF = YES;
				CLANG_WARN_OBJC_LITERAL_CONVERSION = YES;
				CLANG_WARN_OBJC_ROOT_CLASS = YES_ERROR;
				CLANG_WARN_QUOTED_INCLUDE_IN_FRAMEWORK_HEADER = YES;
				CLANG_WARN_RANGE_LOOP_ANALYSIS = YES;
				CLANG_WARN_STRICT_PROTOTYPES = YES;
				CLANG_WARN_SUSPICIOUS_MOVE = YES;
				CLANG_WARN_UNGUARDED_AVAILABILITY = YES_AGGRESSIVE;
				CLANG_WARN_UNREACHABLE_CODE = YES;
				CLANG_WARN__DUPLICATE_METHOD_MATCH = YES;
				COPY_PHASE_STRIP = NO;
				DEBUG_INFORMATION_FORMAT = "dwarf-with-dsym";
				ENABLE_NS_ASSERTIONS = NO;
				ENABLE_STRICT_OBJC_MSGSEND = YES;
				GCC_C_LANGUAGE_STANDARD = gnu11;
				GCC_NO_COMMON_BLOCKS = YES;
				GCC_WARN_64_TO_32_BIT_CONVERSION = YES;
				GCC_WARN_ABOUT_RETURN_TYPE = YES_ERROR;
				GCC_WARN_UNDECLARED_SELECTOR = YES;
				GCC_WARN_UNINITIALIZED_AUTOS = YES_AGGRESSIVE;
				GCC_WARN_UNUSED_FUNCTION = YES;
				GCC_WARN_UNUSED_VARIABLE = YES;
				IPHONEOS_DEPLOYMENT_TARGET = 14;
				MTL_ENABLE_DEBUG_INFO = NO;
				MTL_FAST_MATH = YES;
				SDKROOT = iphoneos;
				SWIFT_COMPILATION_MODE = wholemodule;
				SWIFT_OPTIMIZATION_LEVEL = "-O";
				VALIDATE_PRODUCT = YES;
			};
			name = Release;
		};
		875940C1278C8D480080B2F3 /* Debug */ = {
			isa = XCBuildConfiguration;
			buildSettings = {
				ASSETCATALOG_COMPILER_APPICON_NAME = AppIcon;
				ASSETCATALOG_COMPILER_GLOBAL_ACCENT_COLOR_NAME = AccentColor;
				CODE_SIGN_STYLE = Automatic;
				CURRENT_PROJECT_VERSION = 1;
				DEVELOPMENT_TEAM = H72799PTFS;
				GENERATE_INFOPLIST_FILE = YES;
				INFOPLIST_FILE = Quantrics/Info.plist;
				INFOPLIST_KEY_UIApplicationSupportsIndirectInputEvents = YES;
				INFOPLIST_KEY_UILaunchStoryboardName = LaunchScreen;
				INFOPLIST_KEY_UISupportedInterfaceOrientations = UIInterfaceOrientationPortrait;
				INFOPLIST_KEY_UISupportedInterfaceOrientations_iPad = "UIInterfaceOrientationPortrait UIInterfaceOrientationPortraitUpsideDown UIInterfaceOrientationLandscapeLeft UIInterfaceOrientationLandscapeRight";
				INFOPLIST_KEY_UISupportedInterfaceOrientations_iPhone = "UIInterfaceOrientationPortrait UIInterfaceOrientationLandscapeLeft UIInterfaceOrientationLandscapeRight";
				LD_RUNPATH_SEARCH_PATHS = (
					"$(inherited)",
					"@executable_path/Frameworks",
				);
				MARKETING_VERSION = 1.0;
				PRODUCT_BUNDLE_IDENTIFIER = XeL.Quantrics;
				PRODUCT_NAME = "$(TARGET_NAME)";
				SWIFT_EMIT_LOC_STRINGS = YES;
				SWIFT_VERSION = 5.0;
				TARGETED_DEVICE_FAMILY = 1;
			};
			name = Debug;
		};
		875940C2278C8D480080B2F3 /* Release */ = {
			isa = XCBuildConfiguration;
			buildSettings = {
				ASSETCATALOG_COMPILER_APPICON_NAME = AppIcon;
				ASSETCATALOG_COMPILER_GLOBAL_ACCENT_COLOR_NAME = AccentColor;
				CODE_SIGN_STYLE = Automatic;
				CURRENT_PROJECT_VERSION = 1;
				DEVELOPMENT_TEAM = H72799PTFS;
				GENERATE_INFOPLIST_FILE = YES;
				INFOPLIST_FILE = Quantrics/Info.plist;
				INFOPLIST_KEY_UIApplicationSupportsIndirectInputEvents = YES;
				INFOPLIST_KEY_UILaunchStoryboardName = LaunchScreen;
				INFOPLIST_KEY_UISupportedInterfaceOrientations = UIInterfaceOrientationPortrait;
				INFOPLIST_KEY_UISupportedInterfaceOrientations_iPad = "UIInterfaceOrientationPortrait UIInterfaceOrientationPortraitUpsideDown UIInterfaceOrientationLandscapeLeft UIInterfaceOrientationLandscapeRight";
				INFOPLIST_KEY_UISupportedInterfaceOrientations_iPhone = "UIInterfaceOrientationPortrait UIInterfaceOrientationLandscapeLeft UIInterfaceOrientationLandscapeRight";
				LD_RUNPATH_SEARCH_PATHS = (
					"$(inherited)",
					"@executable_path/Frameworks",
				);
				MARKETING_VERSION = 1.0;
				PRODUCT_BUNDLE_IDENTIFIER = XeL.Quantrics;
				PRODUCT_NAME = "$(TARGET_NAME)";
				SWIFT_EMIT_LOC_STRINGS = YES;
				SWIFT_VERSION = 5.0;
				TARGETED_DEVICE_FAMILY = 1;
			};
			name = Release;
		};
/* End XCBuildConfiguration section */

/* Begin XCConfigurationList section */
		875940A7278C8D470080B2F3 /* Build configuration list for PBXProject "Quantrics" */ = {
			isa = XCConfigurationList;
			buildConfigurations = (
				875940BE278C8D480080B2F3 /* Debug */,
				875940BF278C8D480080B2F3 /* Release */,
			);
			defaultConfigurationIsVisible = 0;
			defaultConfigurationName = Release;
		};
		875940C0278C8D480080B2F3 /* Build configuration list for PBXNativeTarget "Quantrics" */ = {
			isa = XCConfigurationList;
			buildConfigurations = (
				875940C1278C8D480080B2F3 /* Debug */,
				875940C2278C8D480080B2F3 /* Release */,
			);
			defaultConfigurationIsVisible = 0;
			defaultConfigurationName = Release;
		};
/* End XCConfigurationList section */
	};
	rootObject = 875940A4278C8D470080B2F3 /* Project object */;
}
